{
    "name": "vscode-map-preview",
    "version": "0.5.9",
    "lockfileVersion": 2,
    "requires": true,
    "packages": {
        "": {
            "name": "vscode-map-preview",
            "version": "0.5.9",
            "devDependencies": {
                "@types/mocha": "^5.2.7",
                "@types/node": "^13.5.0",
                "@types/vscode": "^1.38.0",
                "typescript": "^5.2.2"
            },
            "engines": {
                "vscode": "^1.38.0"
            }
        },
        "node_modules/@types/mocha": {
            "version": "5.2.7",
            "resolved": "https://registry.npmjs.org/@types/mocha/-/mocha-5.2.7.tgz",
            "integrity": "sha512-NYrtPht0wGzhwe9+/idPaBB+TqkY9AhTvOLMkThm0IoEfLaiVQZwBwyJ5puCkO3AUCWrmcoePjp2mbFocKy4SQ==",
            "dev": true
        },
        "node_modules/@types/node": {
            "version": "13.5.0",
            "resolved": "https://registry.npmjs.org/@types/node/-/node-13.5.0.tgz",
            "integrity": "sha512-Onhn+z72D2O2Pb2ql2xukJ55rglumsVo1H6Fmyi8mlU9SvKdBk/pUSUAiBY/d9bAOF7VVWajX3sths/+g6ZiAQ==",
            "dev": true
        },
        "node_modules/@types/vscode": {
            "version": "1.45.1",
            "resolved": "https://registry.npmjs.org/@types/vscode/-/vscode-1.45.1.tgz",
            "integrity": "sha512-0NO9qrrEJBO8FsqHCrFMgR2suKnwCsKBWvRSb2OzH5gs4i3QO5AhEMQYrSzDbU/wLPt7N617/rN9lPY213gmwg==",
            "dev": true
        },
        "node_modules/typescript": {
            "version": "5.2.2",
            "resolved": "https://registry.npmjs.org/typescript/-/typescript-5.2.2.tgz",
            "integrity": "sha512-mI4WrpHsbCIcwT9cF4FZvr80QUeKvsUsUvKDoR+X/7XHQH98xYD8YHZg7ANtz2GtZt/CBq2QJ0thkGJMHfqc1w==",
            "dev": true,
            "bin": {
                "tsc": "bin/tsc",
                "tsserver": "bin/tsserver"
            },
            "engines": {
                "node": ">=14.17"
            }
        }
    },
    "dependencies": {
        "@types/mocha": {
            "version": "5.2.7",
            "resolved": "https://registry.npmjs.org/@types/mocha/-/mocha-5.2.7.tgz",
            "integrity": "sha512-NYrtPht0wGzhwe9+/idPaBB+TqkY9AhTvOLMkThm0IoEfLaiVQZwBwyJ5puCkO3AUCWrmcoePjp2mbFocKy4SQ==",
            "dev": true
        },
        "@types/node": {
            "version": "13.5.0",
            "resolved": "https://registry.npmjs.org/@types/node/-/node-13.5.0.tgz",
            "integrity": "sha512-Onhn+z72D2O2Pb2ql2xukJ55rglumsVo1H6Fmyi8mlU9SvKdBk/pUSUAiBY/d9bAOF7VVWajX3sths/+g6ZiAQ==",
            "dev": true
        },
        "@types/vscode": {
            "version": "1.45.1",
            "resolved": "https://registry.npmjs.org/@types/vscode/-/vscode-1.45.1.tgz",
            "integrity": "sha512-0NO9qrrEJBO8FsqHCrFMgR2suKnwCsKBWvRSb2OzH5gs4i3QO5AhEMQYrSzDbU/wLPt7N617/rN9lPY213gmwg==",
            "dev": true
        },
        "typescript": {
            "version": "5.2.2",
            "resolved": "https://registry.npmjs.org/typescript/-/typescript-5.2.2.tgz",
            "integrity": "sha512-mI4WrpHsbCIcwT9cF4FZvr80QUeKvsUsUvKDoR+X/7XHQH98xYD8YHZg7ANtz2GtZt/CBq2QJ0thkGJMHfqc1w==",
            "dev": true
        }
    }
}
