{
    "name": "vscode-map-preview",
    "version": "0.5.7",
    "lockfileVersion": 2,
    "requires": true,
    "packages": {
        "": {
            "version": "0.5.7",
            "dependencies": {
                "file-url": "^3.0.0",
                "node-uuid": "^1.4.8"
            },
            "devDependencies": {
                "@types/mocha": "^5.2.7",
                "@types/node": "^13.5.0",
                "@types/vscode": "^1.38.0",
                "typescript": "^4.1.3"
            },
            "engines": {
                "vscode": "^1.38.0"
            }
        },
        "node_modules/@types/mocha": {
            "version": "5.2.7",
            "resolved": "https://registry.npmjs.org/@types/mocha/-/mocha-5.2.7.tgz",
            "integrity": "sha512-NYrtPht0wGzhwe9+/idPaBB+TqkY9AhTvOLMkThm0IoEfLaiVQZwBwyJ5puCkO3AUCWrmcoePjp2mbFocKy4SQ==",
            "dev": true
        },
        "node_modules/@types/node": {
            "version": "13.5.0",
            "resolved": "https://registry.npmjs.org/@types/node/-/node-13.5.0.tgz",
            "integrity": "sha512-Onhn+z72D2O2Pb2ql2xukJ55rglumsVo1H6Fmyi8mlU9SvKdBk/pUSUAiBY/d9bAOF7VVWajX3sths/+g6ZiAQ==",
            "dev": true
        },
        "node_modules/@types/vscode": {
            "version": "1.45.1",
            "resolved": "https://registry.npmjs.org/@types/vscode/-/vscode-1.45.1.tgz",
            "integrity": "sha512-0NO9qrrEJBO8FsqHCrFMgR2suKnwCsKBWvRSb2OzH5gs4i3QO5AhEMQYrSzDbU/wLPt7N617/rN9lPY213gmwg==",
            "dev": true
        },
        "node_modules/file-url": {
            "version": "3.0.0",
            "resolved": "https://registry.npmjs.org/file-url/-/file-url-3.0.0.tgz",
            "integrity": "sha512-g872QGsHexznxkIAdK8UiZRe7SkE6kvylShU4Nsj8NvfvZag7S0QuQ4IgvPDkk75HxgjIVDwycFTDAgIiO4nDA==",
            "engines": {
                "node": ">=8"
            }
        },
        "node_modules/node-uuid": {
            "version": "1.4.8",
            "resolved": "https://registry.npmjs.org/node-uuid/-/node-uuid-1.4.8.tgz",
            "integrity": "sha1-sEDrCSOWivq/jTL7HxfxFn/auQc=",
            "bin": {
                "uuid": "bin/uuid"
            }
        },
        "node_modules/typescript": {
            "version": "4.1.3",
            "resolved": "https://registry.npmjs.org/typescript/-/typescript-4.1.3.tgz",
            "integrity": "sha512-B3ZIOf1IKeH2ixgHhj6la6xdwR9QrLC5d1VKeCSY4tvkqhF2eqd9O7txNlS0PO3GrBAFIdr3L1ndNwteUbZLYg==",
            "dev": true,
            "bin": {
                "tsc": "bin/tsc",
                "tsserver": "bin/tsserver"
            },
            "engines": {
                "node": ">=4.2.0"
            }
        }
    },
    "dependencies": {
        "@types/mocha": {
            "version": "5.2.7",
            "resolved": "https://registry.npmjs.org/@types/mocha/-/mocha-5.2.7.tgz",
            "integrity": "sha512-NYrtPht0wGzhwe9+/idPaBB+TqkY9AhTvOLMkThm0IoEfLaiVQZwBwyJ5puCkO3AUCWrmcoePjp2mbFocKy4SQ==",
            "dev": true
        },
        "@types/node": {
            "version": "13.5.0",
            "resolved": "https://registry.npmjs.org/@types/node/-/node-13.5.0.tgz",
            "integrity": "sha512-Onhn+z72D2O2Pb2ql2xukJ55rglumsVo1H6Fmyi8mlU9SvKdBk/pUSUAiBY/d9bAOF7VVWajX3sths/+g6ZiAQ==",
            "dev": true
        },
        "@types/vscode": {
            "version": "1.45.1",
            "resolved": "https://registry.npmjs.org/@types/vscode/-/vscode-1.45.1.tgz",
            "integrity": "sha512-0NO9qrrEJBO8FsqHCrFMgR2suKnwCsKBWvRSb2OzH5gs4i3QO5AhEMQYrSzDbU/wLPt7N617/rN9lPY213gmwg==",
            "dev": true
        },
        "file-url": {
            "version": "3.0.0",
            "resolved": "https://registry.npmjs.org/file-url/-/file-url-3.0.0.tgz",
            "integrity": "sha512-g872QGsHexznxkIAdK8UiZRe7SkE6kvylShU4Nsj8NvfvZag7S0QuQ4IgvPDkk75HxgjIVDwycFTDAgIiO4nDA=="
        },
        "node-uuid": {
            "version": "1.4.8",
            "resolved": "https://registry.npmjs.org/node-uuid/-/node-uuid-1.4.8.tgz",
            "integrity": "sha1-sEDrCSOWivq/jTL7HxfxFn/auQc="
        },
        "typescript": {
            "version": "4.1.3",
            "resolved": "https://registry.npmjs.org/typescript/-/typescript-4.1.3.tgz",
            "integrity": "sha512-B3ZIOf1IKeH2ixgHhj6la6xdwR9QrLC5d1VKeCSY4tvkqhF2eqd9O7txNlS0PO3GrBAFIdr3L1ndNwteUbZLYg==",
            "dev": true
        }
    }
}
