{
    "name": "vscode-map-preview",
    "version": "0.5.6",
    "lockfileVersion": 1,
    "requires": true,
    "dependencies": {
        "@types/mocha": {
            "version": "5.2.7",
            "resolved": "https://registry.npmjs.org/@types/mocha/-/mocha-5.2.7.tgz",
            "integrity": "sha512-NYrtPht0wGzhwe9+/idPaBB+TqkY9AhTvOLMkThm0IoEfLaiVQZwBwyJ5puCkO3AUCWrmcoePjp2mbFocKy4SQ==",
            "dev": true
        },
        "@types/node": {
            "version": "13.5.0",
            "resolved": "https://registry.npmjs.org/@types/node/-/node-13.5.0.tgz",
            "integrity": "sha512-Onhn+z72D2O2Pb2ql2xukJ55rglumsVo1H6Fmyi8mlU9SvKdBk/pUSUAiBY/d9bAOF7VVWajX3sths/+g6ZiAQ==",
            "dev": true
        },
        "@types/vscode": {
            "version": "1.45.1",
            "resolved": "https://registry.npmjs.org/@types/vscode/-/vscode-1.45.1.tgz",
            "integrity": "sha512-0NO9qrrEJBO8FsqHCrFMgR2suKnwCsKBWvRSb2OzH5gs4i3QO5AhEMQYrSzDbU/wLPt7N617/rN9lPY213gmwg==",
            "dev": true
        },
        "file-url": {
            "version": "3.0.0",
            "resolved": "https://registry.npmjs.org/file-url/-/file-url-3.0.0.tgz",
            "integrity": "sha512-g872QGsHexznxkIAdK8UiZRe7SkE6kvylShU4Nsj8NvfvZag7S0QuQ4IgvPDkk75HxgjIVDwycFTDAgIiO4nDA=="
        },
        "node-uuid": {
            "version": "1.4.8",
            "resolved": "https://registry.npmjs.org/node-uuid/-/node-uuid-1.4.8.tgz",
            "integrity": "sha1-sEDrCSOWivq/jTL7HxfxFn/auQc="
        },
        "typescript": {
            "version": "3.9.3",
            "resolved": "https://registry.npmjs.org/typescript/-/typescript-3.9.3.tgz",
            "integrity": "sha512-D/wqnB2xzNFIcoBG9FG8cXRDjiqSTbG2wd8DMZeQyJlP1vfTkIxH4GKveWaEBYySKIg+USu+E+EDIR47SqnaMQ==",
            "dev": true
        }
    }
}
